
Microsoft Visual Studio Solution File, Format Version 12.00
# Visual Studio Version 16
VisualStudioVersion = 16.0.30717.126
MinimumVisualStudioVersion = 10.0.40219.1
Project("{FAE04EC0-301F-11D3-BF4B-00C04F79EFBC}") = "Change", "Change.csproj", "{5544358A-FE05-47FC-8AE4-A53C30049634}"
EndProject
Global
	GlobalSection(SolutionConfigurationPlatforms) = preSolution
		Debug|Any CPU = Debug|Any CPU
		Release|Any CPU = Release|Any CPU
	EndGlobalSection
	GlobalSection(ProjectConfigurationPlatforms) = postSolution
		{5544358A-FE05-47FC-8AE4-A53C30049634}.Debug|Any CPU.ActiveCfg = Debug|Any CPU
		{5544358A-FE05-47FC-8AE4-A53C30049634}.Debug|Any CPU.Build.0 = Debug|Any CPU
		{5544358A-FE05-47FC-8AE4-A53C30049634}.Release|Any CPU.ActiveCfg = Release|Any CPU
		{5544358A-FE05-47FC-8AE4-A53C30049634}.Release|Any CPU.Build.0 = Release|Any CPU
	EndGlobalSection
	GlobalSection(SolutionProperties) = preSolution
		HideSolutionNode = FALSE
	EndGlobalSection
	GlobalSection(ExtensibilityGlobals) = postSolution
		SolutionGuid = {94BC8DFB-A17E-4318-8412-9033C90135E5}
	EndGlobalSection
EndGlobal
